{
  "name": "memory",
  "lockfileVersion": 3,
  "requires": true,
  "packages": {
    "": {
      "dependencies": {
        "@logto/browser": "^3.0.13",
        "@logto/react": "^4.0.14",
        "dotenv": "^17.2.3"
      }
    },
    "node_modules/@logto/browser": {
      "version": "3.0.13",
      "resolved": "https://registry.npmjs.org/@logto/browser/-/browser-3.0.13.tgz",
      "integrity": "sha512-SlZ76XiVh2es6eFB1M+ldV6b60eC3+eeKoRQ8/AvOlpwHhrY/v2FPw5LOd/vZ+WYjzDqsxNtOMdhTdliHZ7V1g==",
      "license": "MIT",
      "dependencies": {
        "@logto/client": "^3.1.8",
        "@silverhand/essentials": "^2.9.3",
        "js-base64": "^3.7.4"
      }
    },
    "node_modules/@logto/client": {
      "version": "3.1.8",
      "resolved": "https://registry.npmjs.org/@logto/client/-/client-3.1.8.tgz",
      "integrity": "sha512-f6NcPOV/K1IpPm4ccARWeYpQVMeN4mfikGg+5Qw1rcIPYPUpD5BmDsQbVTAnDepCMbC7syzRerZmbwL8S3UL+A==",
      "license": "MIT",
      "dependencies": {
        "@logto/js": "^6.1.2",
        "@silverhand/essentials": "^2.9.3",
        "camelcase-keys": "^9.1.3",
        "jose": "^5.2.2"
      }
    },
    "node_modules/@logto/js": {
      "version": "6.1.2",
      "resolved": "https://registry.npmjs.org/@logto/js/-/js-6.1.2.tgz",
      "integrity": "sha512-YB/TfixPGI0Spbs8LXiKuASOKFUE9VmlTkXiPfgg3UXQsIPTU71KjKxEXZRePu3xdPNhsZ6WtnRfRvvcpP+KGQ==",
      "license": "MIT",
      "dependencies": {
        "@silverhand/essentials": "^2.9.3",
        "camelcase-keys": "^9.1.3"
      }
    },
    "node_modules/@logto/react": {
      "version": "4.0.14",
      "resolved": "https://registry.npmjs.org/@logto/react/-/react-4.0.14.tgz",
      "integrity": "sha512-hSZSwxdsLkQjcqsLRH+rvMUkchh1cB+niXOfbvafILJUgmN0YWVZ6QAeyV/wmUteNb5iB463Fnboz10MUXi04A==",
      "license": "MIT",
      "dependencies": {
        "@logto/browser": "^3.0.13",
        "@silverhand/essentials": "^2.9.3"
      },
      "peerDependencies": {
        "react": ">=16.8.0"
      }
    },
    "node_modules/@silverhand/essentials": {
      "version": "2.9.3",
      "resolved": "https://registry.npmjs.org/@silverhand/essentials/-/essentials-2.9.3.tgz",
      "integrity": "sha512-OM9pyGc/yYJMVQw+fFOZZaTHXDWc45sprj+ky+QjC9inhf5w51L1WBmzAwFuYkHAwO1M19fxVf2sTH9KKP48yg==",
      "license": "MIT",
      "engines": {
        "node": ">=18.12.0",
        "pnpm": "^10.0.0"
      }
    },
    "node_modules/camelcase": {
      "version": "8.0.0",
      "resolved": "https://registry.npmjs.org/camelcase/-/camelcase-8.0.0.tgz",
      "integrity": "sha512-8WB3Jcas3swSvjIeA2yvCJ+Miyz5l1ZmB6HFb9R1317dt9LCQoswg/BGrmAmkWVEszSrrg4RwmO46qIm2OEnSA==",
      "license": "MIT",
      "engines": {
        "node": ">=16"
      },
      "funding": {
        "url": "https://github.com/sponsors/sindresorhus"
      }
    },
    "node_modules/camelcase-keys": {
      "version": "9.1.3",
      "resolved": "https://registry.npmjs.org/camelcase-keys/-/camelcase-keys-9.1.3.tgz",
      "integrity": "sha512-Rircqi9ch8AnZscQcsA1C47NFdaO3wukpmIRzYcDOrmvgt78hM/sj5pZhZNec2NM12uk5vTwRHZ4anGcrC4ZTg==",
      "license": "MIT",
      "dependencies": {
        "camelcase": "^8.0.0",
        "map-obj": "5.0.0",
        "quick-lru": "^6.1.1",
        "type-fest": "^4.3.2"
      },
      "engines": {
        "node": ">=16"
      },
      "funding": {
        "url": "https://github.com/sponsors/sindresorhus"
      }
    },
    "node_modules/dotenv": {
      "version": "17.2.3",
      "resolved": "https://registry.npmjs.org/dotenv/-/dotenv-17.2.3.tgz",
      "integrity": "sha512-JVUnt+DUIzu87TABbhPmNfVdBDt18BLOWjMUFJMSi/Qqg7NTYtabbvSNJGOJ7afbRuv9D/lngizHtP7QyLQ+9w==",
      "license": "BSD-2-Clause",
      "engines": {
        "node": ">=12"
      },
      "funding": {
        "url": "https://dotenvx.com"
      }
    },
    "node_modules/jose": {
      "version": "5.10.0",
      "resolved": "https://registry.npmjs.org/jose/-/jose-5.10.0.tgz",
      "integrity": "sha512-s+3Al/p9g32Iq+oqXxkW//7jk2Vig6FF1CFqzVXoTUXt2qz89YWbL+OwS17NFYEvxC35n0FKeGO2LGYSxeM2Gg==",
      "license": "MIT",
      "funding": {
        "url": "https://github.com/sponsors/panva"
      }
    },
    "node_modules/js-base64": {
      "version": "3.7.8",
      "resolved": "https://registry.npmjs.org/js-base64/-/js-base64-3.7.8.tgz",
      "integrity": "sha512-hNngCeKxIUQiEUN3GPJOkz4wF/YvdUdbNL9hsBcMQTkKzboD7T/q3OYOuuPZLUE6dBxSGpwhk5mwuDud7JVAow==",
      "license": "BSD-3-Clause"
    },
    "node_modules/map-obj": {
      "version": "5.0.0",
      "resolved": "https://registry.npmjs.org/map-obj/-/map-obj-5.0.0.tgz",
      "integrity": "sha512-2L3MIgJynYrZ3TYMriLDLWocz15okFakV6J12HXvMXDHui2x/zgChzg1u9mFFGbbGWE+GsLpQByt4POb9Or+uA==",
      "license": "MIT",
      "engines": {
        "node": "^12.20.0 || ^14.13.1 || >=16.0.0"
      },
      "funding": {
        "url": "https://github.com/sponsors/sindresorhus"
      }
    },
    "node_modules/quick-lru": {
      "version": "6.1.2",
      "resolved": "https://registry.npmjs.org/quick-lru/-/quick-lru-6.1.2.tgz",
      "integrity": "sha512-AAFUA5O1d83pIHEhJwWCq/RQcRukCkn/NSm2QsTEMle5f2hP0ChI2+3Xb051PZCkLryI/Ir1MVKviT2FIloaTQ==",
      "license": "MIT",
      "engines": {
        "node": ">=12"
      },
      "funding": {
        "url": "https://github.com/sponsors/sindresorhus"
      }
    },
    "node_modules/react": {
      "version": "19.2.7",
      "resolved": "https://registry.npmjs.org/react/-/react-19.2.7.tgz",
      "integrity": "sha512-HNe9WslTbXmFK8o8cmwgAeJFSBvt1bPdHCVKtaaV+WlAN36mpT4hcRpwbf3fY56ar2oIXzsBpOAiIRHAdY0OlQ==",
      "license": "MIT",
      "peer": true,
      "engines": {
        "node": ">=0.10.0"
      }
    },
    "node_modules/type-fest": {
      "version": "4.41.0",
      "resolved": "https://registry.npmjs.org/type-fest/-/type-fest-4.41.0.tgz",
      "integrity": "sha512-TeTSQ6H5YHvpqVwBRcnLDCBnDOHWYu7IvGbHT6N8AOymcr9PJGjc1GTtiWZTYg0NCgYwvnYWEkVChQAr9bjfwA==",
      "license": "(MIT OR CC0-1.0)",
      "engines": {
        "node": ">=16"
      },
      "funding": {
        "url": "https://github.com/sponsors/sindresorhus"
      }
    }
  }
}
